// !$*UTF8*$!
{
	archiveVersion = 1;
	classes = {
	};
	objectVersion = 56;
	objects = {

/* Begin PBXBuildFile section */
		07B62E692C7D2867001322F6 /* NotificationDemo.swift in Sources */ = {isa = PBXBuildFile; fileRef = 07B62E682C7D2867001322F6 /* NotificationDemo.swift */; };
		07B62E6B2C7D2F7B001322F6 /* PomodoroTimer.swift in Sources */ = {isa = PBXBuildFile; fileRef = 07B62E6A2C7D2F7A001322F6 /* PomodoroTimer.swift */; };
		07B62E6D2C7D4721001322F6 /* TimerDemo.swift in Sources */ = {isa = PBXBuildFile; fileRef = 07B62E6C2C7D4721001322F6 /* TimerDemo.swift */; };
		07B62E6F2C7D4AA6001322F6 /* NotificationDisabled.swift in Sources */ = {isa = PBXBuildFile; fileRef = 07B62E6E2C7D4AA6001322F6 /* NotificationDisabled.swift */; };
		07B62E712C7D4DD4001322F6 /* CircleButton.swift in Sources */ = {isa = PBXBuildFile; fileRef = 07B62E702C7D4DD4001322F6 /* CircleButton.swift */; };
		07B62E732C7D50AC001322F6 /* CircleTimer.swift in Sources */ = {isa = PBXBuildFile; fileRef = 07B62E722C7D50AC001322F6 /* CircleTimer.swift */; };
		07D9E9052C7D14FB00B0D8F2 /* Pomodoro_TimerApp.swift in Sources */ = {isa = PBXBuildFile; fileRef = 07D9E9042C7D14FB00B0D8F2 /* Pomodoro_TimerApp.swift */; };
		07D9E9072C7D14FB00B0D8F2 /* ContentView.swift in Sources */ = {isa = PBXBuildFile; fileRef = 07D9E9062C7D14FB00B0D8F2 /* ContentView.swift */; };
		07D9E9092C7D14FC00B0D8F2 /* Assets.xcassets in Resources */ = {isa = PBXBuildFile; fileRef = 07D9E9082C7D14FC00B0D8F2 /* Assets.xcassets */; };
		07D9E90C2C7D14FC00B0D8F2 /* Preview Assets.xcassets in Resources */ = {isa = PBXBuildFile; fileRef = 07D9E90B2C7D14FC00B0D8F2 /* Preview Assets.xcassets */; };
		07D9E9152C7D163D00B0D8F2 /* bell.wav in Resources */ = {isa = PBXBuildFile; fileRef = 07D9E9132C7D163D00B0D8F2 /* bell.wav */; };
		07D9E9162C7D163D00B0D8F2 /* tick.wav in Resources */ = {isa = PBXBuildFile; fileRef = 07D9E9142C7D163D00B0D8F2 /* tick.wav */; };
		07D9E9192C7D168900B0D8F2 /* PomodoroAudio.swift in Sources */ = {isa = PBXBuildFile; fileRef = 07D9E9182C7D168900B0D8F2 /* PomodoroAudio.swift */; };
		07D9E91E2C7D18F300B0D8F2 /* AudioPlayerDemo.swift in Sources */ = {isa = PBXBuildFile; fileRef = 07D9E91D2C7D18F300B0D8F2 /* AudioPlayerDemo.swift */; };
		07D9E9202C7D1A7200B0D8F2 /* PomodoroNotification.swift in Sources */ = {isa = PBXBuildFile; fileRef = 07D9E91F2C7D1A7200B0D8F2 /* PomodoroNotification.swift */; };
/* End PBXBuildFile section */

/* Begin PBXFileReference section */
		07B62E682C7D2867001322F6 /* NotificationDemo.swift */ = {isa = PBXFileReference; lastKnownFileType = sourcecode.swift; path = NotificationDemo.swift; sourceTree = "<group>"; };
		07B62E6A2C7D2F7A001322F6 /* PomodoroTimer.swift */ = {isa = PBXFileReference; lastKnownFileType = sourcecode.swift; path = PomodoroTimer.swift; sourceTree = "<group>"; };
		07B62E6C2C7D4721001322F6 /* TimerDemo.swift */ = {isa = PBXFileReference; lastKnownFileType = sourcecode.swift; path = TimerDemo.swift; sourceTree = "<group>"; };
		07B62E6E2C7D4AA6001322F6 /* NotificationDisabled.swift */ = {isa = PBXFileReference; lastKnownFileType = sourcecode.swift; path = NotificationDisabled.swift; sourceTree = "<group>"; };
		07B62E702C7D4DD4001322F6 /* CircleButton.swift */ = {isa = PBXFileReference; lastKnownFileType = sourcecode.swift; path = CircleButton.swift; sourceTree = "<group>"; };
		07B62E722C7D50AC001322F6 /* CircleTimer.swift */ = {isa = PBXFileReference; lastKnownFileType = sourcecode.swift; path = CircleTimer.swift; sourceTree = "<group>"; };
		07D9E9012C7D14FB00B0D8F2 /* Pomodoro Timer.app */ = {isa = PBXFileReference; explicitFileType = wrapper.application; includeInIndex = 0; path = "Pomodoro Timer.app"; sourceTree = BUILT_PRODUCTS_DIR; };
		07D9E9042C7D14FB00B0D8F2 /* Pomodoro_TimerApp.swift */ = {isa = PBXFileReference; lastKnownFileType = sourcecode.swift; path = Pomodoro_TimerApp.swift; sourceTree = "<group>"; };
		07D9E9062C7D14FB00B0D8F2 /* ContentView.swift */ = {isa = PBXFileReference; lastKnownFileType = sourcecode.swift; path = ContentView.swift; sourceTree = "<group>"; };
		07D9E9082C7D14FC00B0D8F2 /* Assets.xcassets */ = {isa = PBXFileReference; lastKnownFileType = folder.assetcatalog; path = Assets.xcassets; sourceTree = "<group>"; };
		07D9E90B2C7D14FC00B0D8F2 /* Preview Assets.xcassets */ = {isa = PBXFileReference; lastKnownFileType = folder.assetcatalog; path = "Preview Assets.xcassets"; sourceTree = "<group>"; };
		07D9E9132C7D163D00B0D8F2 /* bell.wav */ = {isa = PBXFileReference; lastKnownFileType = audio.wav; name = bell.wav; path = "../../../../../Desktop/pomodoro-main/Sounds/bell.wav"; sourceTree = "<group>"; };
		07D9E9142C7D163D00B0D8F2 /* tick.wav */ = {isa = PBXFileReference; lastKnownFileType = audio.wav; name = tick.wav; path = "../../../../../Desktop/pomodoro-main/Sounds/tick.wav"; sourceTree = "<group>"; };
		07D9E9182C7D168900B0D8F2 /* PomodoroAudio.swift */ = {isa = PBXFileReference; lastKnownFileType = sourcecode.swift; path = PomodoroAudio.swift; sourceTree = "<group>"; };
		07D9E91D2C7D18F300B0D8F2 /* AudioPlayerDemo.swift */ = {isa = PBXFileReference; lastKnownFileType = sourcecode.swift; path = AudioPlayerDemo.swift; sourceTree = "<group>"; };
		07D9E91F2C7D1A7200B0D8F2 /* PomodoroNotification.swift */ = {isa = PBXFileReference; lastKnownFileType = sourcecode.swift; path = PomodoroNotification.swift; sourceTree = "<group>"; };
/* End PBXFileReference section */

/* Begin PBXFrameworksBuildPhase section */
		07D9E8FE2C7D14FB00B0D8F2 /* Frameworks */ = {
			isa = PBXFrameworksBuildPhase;
			buildActionMask = 2147483647;
			files = (
			);
			runOnlyForDeploymentPostprocessing = 0;
		};
/* End PBXFrameworksBuildPhase section */

/* Begin PBXGroup section */
		07D9E8F82C7D14FB00B0D8F2 = {
			isa = PBXGroup;
			children = (
				07D9E9032C7D14FB00B0D8F2 /* Pomodoro Timer */,
				07D9E9022C7D14FB00B0D8F2 /* Products */,
			);
			sourceTree = "<group>";
		};
		07D9E9022C7D14FB00B0D8F2 /* Products */ = {
			isa = PBXGroup;
			children = (
				07D9E9012C7D14FB00B0D8F2 /* Pomodoro Timer.app */,
			);
			name = Products;
			sourceTree = "<group>";
		};
		07D9E9032C7D14FB00B0D8F2 /* Pomodoro Timer */ = {
			isa = PBXGroup;
			children = (
				07D9E91A2C7D18B400B0D8F2 /* Views */,
				07D9E9172C7D167000B0D8F2 /* AppLogic */,
				07D9E9122C7D160D00B0D8F2 /* Sounds */,
				07D9E9042C7D14FB00B0D8F2 /* Pomodoro_TimerApp.swift */,
				07D9E9062C7D14FB00B0D8F2 /* ContentView.swift */,
				07D9E9082C7D14FC00B0D8F2 /* Assets.xcassets */,
				07D9E90A2C7D14FC00B0D8F2 /* Preview Content */,
			);
			path = "Pomodoro Timer";
			sourceTree = "<group>";
		};
		07D9E90A2C7D14FC00B0D8F2 /* Preview Content */ = {
			isa = PBXGroup;
			children = (
				07D9E90B2C7D14FC00B0D8F2 /* Preview Assets.xcassets */,
			);
			path = "Preview Content";
			sourceTree = "<group>";
		};
		07D9E9122C7D160D00B0D8F2 /* Sounds */ = {
			isa = PBXGroup;
			children = (
				07D9E9132C7D163D00B0D8F2 /* bell.wav */,
				07D9E9142C7D163D00B0D8F2 /* tick.wav */,
			);
			path = Sounds;
			sourceTree = "<group>";
		};
		07D9E9172C7D167000B0D8F2 /* AppLogic */ = {
			isa = PBXGroup;
			children = (
				07D9E9182C7D168900B0D8F2 /* PomodoroAudio.swift */,
				07D9E91F2C7D1A7200B0D8F2 /* PomodoroNotification.swift */,
				07B62E6A2C7D2F7A001322F6 /* PomodoroTimer.swift */,
			);
			path = AppLogic;
			sourceTree = "<group>";
		};
		07D9E91A2C7D18B400B0D8F2 /* Views */ = {
			isa = PBXGroup;
			children = (
				07D9E91C2C7D18CE00B0D8F2 /* Demos */,
				07B62E6E2C7D4AA6001322F6 /* NotificationDisabled.swift */,
			);
			path = Views;
			sourceTree = "<group>";
		};
		07D9E91C2C7D18CE00B0D8F2 /* Demos */ = {
			isa = PBXGroup;
			children = (
				07D9E91D2C7D18F300B0D8F2 /* AudioPlayerDemo.swift */,
				07B62E682C7D2867001322F6 /* NotificationDemo.swift */,
				07B62E6C2C7D4721001322F6 /* TimerDemo.swift */,
				07B62E702C7D4DD4001322F6 /* CircleButton.swift */,
				07B62E722C7D50AC001322F6 /* CircleTimer.swift */,
			);
			path = Demos;
			sourceTree = "<group>";
		};
/* End PBXGroup section */

/* Begin PBXNativeTarget section */
		07D9E9002C7D14FB00B0D8F2 /* Pomodoro Timer */ = {
			isa = PBXNativeTarget;
			buildConfigurationList = 07D9E90F2C7D14FC00B0D8F2 /* Build configuration list for PBXNativeTarget "Pomodoro Timer" */;
			buildPhases = (
				07D9E8FD2C7D14FB00B0D8F2 /* Sources */,
				07D9E8FE2C7D14FB00B0D8F2 /* Frameworks */,
				07D9E8FF2C7D14FB00B0D8F2 /* Resources */,
			);
			buildRules = (
			);
			dependencies = (
			);
			name = "Pomodoro Timer";
			productName = "Pomodoro Timer";
			productReference = 07D9E9012C7D14FB00B0D8F2 /* Pomodoro Timer.app */;
			productType = "com.apple.product-type.application";
		};
/* End PBXNativeTarget section */

/* Begin PBXProject section */
		07D9E8F92C7D14FB00B0D8F2 /* Project object */ = {
			isa = PBXProject;
			attributes = {
				BuildIndependentTargetsInParallel = 1;
				LastSwiftUpdateCheck = 1540;
				LastUpgradeCheck = 1540;
				TargetAttributes = {
					07D9E9002C7D14FB00B0D8F2 = {
						CreatedOnToolsVersion = 15.4;
					};
				};
			};
			buildConfigurationList = 07D9E8FC2C7D14FB00B0D8F2 /* Build configuration list for PBXProject "Pomodoro Timer" */;
			compatibilityVersion = "Xcode 14.0";
			developmentRegion = en;
			hasScannedForEncodings = 0;
			knownRegions = (
				en,
				Base,
			);
			mainGroup = 07D9E8F82C7D14FB00B0D8F2;
			productRefGroup = 07D9E9022C7D14FB00B0D8F2 /* Products */;
			projectDirPath = "";
			projectRoot = "";
			targets = (
				07D9E9002C7D14FB00B0D8F2 /* Pomodoro Timer */,
			);
		};
/* End PBXProject section */

/* Begin PBXResourcesBuildPhase section */
		07D9E8FF2C7D14FB00B0D8F2 /* Resources */ = {
			isa = PBXResourcesBuildPhase;
			buildActionMask = 2147483647;
			files = (
				07D9E9152C7D163D00B0D8F2 /* bell.wav in Resources */,
				07D9E90C2C7D14FC00B0D8F2 /* Preview Assets.xcassets in Resources */,
				07D9E9092C7D14FC00B0D8F2 /* Assets.xcassets in Resources */,
				07D9E9162C7D163D00B0D8F2 /* tick.wav in Resources */,
			);
			runOnlyForDeploymentPostprocessing = 0;
		};
/* End PBXResourcesBuildPhase section */

/* Begin PBXSourcesBuildPhase section */
		07D9E8FD2C7D14FB00B0D8F2 /* Sources */ = {
			isa = PBXSourcesBuildPhase;
			buildActionMask = 2147483647;
			files = (
				07B62E732C7D50AC001322F6 /* CircleTimer.swift in Sources */,
				07B62E6D2C7D4721001322F6 /* TimerDemo.swift in Sources */,
				07B62E6F2C7D4AA6001322F6 /* NotificationDisabled.swift in Sources */,
				07D9E91E2C7D18F300B0D8F2 /* AudioPlayerDemo.swift in Sources */,
				07B62E692C7D2867001322F6 /* NotificationDemo.swift in Sources */,
				07B62E6B2C7D2F7B001322F6 /* PomodoroTimer.swift in Sources */,
				07B62E712C7D4DD4001322F6 /* CircleButton.swift in Sources */,
				07D9E9192C7D168900B0D8F2 /* PomodoroAudio.swift in Sources */,
				07D9E9072C7D14FB00B0D8F2 /* ContentView.swift in Sources */,
				07D9E9202C7D1A7200B0D8F2 /* PomodoroNotification.swift in Sources */,
				07D9E9052C7D14FB00B0D8F2 /* Pomodoro_TimerApp.swift in Sources */,
			);
			runOnlyForDeploymentPostprocessing = 0;
		};
/* End PBXSourcesBuildPhase section */

/* Begin XCBuildConfiguration section */
		07D9E90D2C7D14FC00B0D8F2 /* Debug */ = {
			isa = XCBuildConfiguration;
			buildSettings = {
				ALWAYS_SEARCH_USER_PATHS = NO;
				ASSETCATALOG_COMPILER_GENERATE_SWIFT_ASSET_SYMBOL_EXTENSIONS = YES;
				CLANG_ANALYZER_NONNULL = YES;
				CLANG_ANALYZER_NUMBER_OBJECT_CONVERSION = YES_AGGRESSIVE;
				CLANG_CXX_LANGUAGE_STANDARD = "gnu++20";
				CLANG_ENABLE_MODULES = YES;
				CLANG_ENABLE_OBJC_ARC = YES;
				CLANG_ENABLE_OBJC_WEAK = YES;
				CLANG_WARN_BLOCK_CAPTURE_AUTORELEASING = YES;
				CLANG_WARN_BOOL_CONVERSION = YES;
				CLANG_WARN_COMMA = YES;
				CLANG_WARN_CONSTANT_CONVERSION = YES;
				CLANG_WARN_DEPRECATED_OBJC_IMPLEMENTATIONS = YES;
				CLANG_WARN_DIRECT_OBJC_ISA_USAGE = YES_ERROR;
				CLANG_WARN_DOCUMENTATION_COMMENTS = YES;
				CLANG_WARN_EMPTY_BODY = YES;
				CLANG_WARN_ENUM_CONVERSION = YES;
				CLANG_WARN_INFINITE_RECURSION = YES;
				CLANG_WARN_INT_CONVERSION = YES;
				CLANG_WARN_NON_LITERAL_NULL_CONVERSION = YES;
				CLANG_WARN_OBJC_IMPLICIT_RETAIN_SELF = YES;
				CLANG_WARN_OBJC_LITERAL_CONVERSION = YES;
				CLANG_WARN_OBJC_ROOT_CLASS = YES_ERROR;
				CLANG_WARN_QUOTED_INCLUDE_IN_FRAMEWORK_HEADER = YES;
				CLANG_WARN_RANGE_LOOP_ANALYSIS = YES;
				CLANG_WARN_STRICT_PROTOTYPES = YES;
				CLANG_WARN_SUSPICIOUS_MOVE = YES;
				CLANG_WARN_UNGUARDED_AVAILABILITY = YES_AGGRESSIVE;
				CLANG_WARN_UNREACHABLE_CODE = YES;
				CLANG_WARN__DUPLICATE_METHOD_MATCH = YES;
				COPY_PHASE_STRIP = NO;
				DEBUG_INFORMATION_FORMAT = dwarf;
				ENABLE_STRICT_OBJC_MSGSEND = YES;
				ENABLE_TESTABILITY = YES;
				ENABLE_USER_SCRIPT_SANDBOXING = YES;
				GCC_C_LANGUAGE_STANDARD = gnu17;
				GCC_DYNAMIC_NO_PIC = NO;
				GCC_NO_COMMON_BLOCKS = YES;
				GCC_OPTIMIZATION_LEVEL = 0;
				GCC_PREPROCESSOR_DEFINITIONS = (
					"DEBUG=1",
					"$(inherited)",
				);
				GCC_WARN_64_TO_32_BIT_CONVERSION = YES;
				GCC_WARN_ABOUT_RETURN_TYPE = YES_ERROR;
				GCC_WARN_UNDECLARED_SELECTOR = YES;
				GCC_WARN_UNINITIALIZED_AUTOS = YES_AGGRESSIVE;
				GCC_WARN_UNUSED_FUNCTION = YES;
				GCC_WARN_UNUSED_VARIABLE = YES;
				IPHONEOS_DEPLOYMENT_TARGET = 17.5;
				LOCALIZATION_PREFERS_STRING_CATALOGS = YES;
				MTL_ENABLE_DEBUG_INFO = INCLUDE_SOURCE;
				MTL_FAST_MATH = YES;
				ONLY_ACTIVE_ARCH = YES;
				SDKROOT = iphoneos;
				SWIFT_ACTIVE_COMPILATION_CONDITIONS = "DEBUG $(inherited)";
				SWIFT_OPTIMIZATION_LEVEL = "-Onone";
			};
			name = Debug;
		};
		07D9E90E2C7D14FC00B0D8F2 /* Release */ = {
			isa = XCBuildConfiguration;
			buildSettings = {
				ALWAYS_SEARCH_USER_PATHS = NO;
				ASSETCATALOG_COMPILER_GENERATE_SWIFT_ASSET_SYMBOL_EXTENSIONS = YES;
				CLANG_ANALYZER_NONNULL = YES;
				CLANG_ANALYZER_NUMBER_OBJECT_CONVERSION = YES_AGGRESSIVE;
				CLANG_CXX_LANGUAGE_STANDARD = "gnu++20";
				CLANG_ENABLE_MODULES = YES;
				CLANG_ENABLE_OBJC_ARC = YES;
				CLANG_ENABLE_OBJC_WEAK = YES;
				CLANG_WARN_BLOCK_CAPTURE_AUTORELEASING = YES;
				CLANG_WARN_BOOL_CONVERSION = YES;
				CLANG_WARN_COMMA = YES;
				CLANG_WARN_CONSTANT_CONVERSION = YES;
				CLANG_WARN_DEPRECATED_OBJC_IMPLEMENTATIONS = YES;
				CLANG_WARN_DIRECT_OBJC_ISA_USAGE = YES_ERROR;
				CLANG_WARN_DOCUMENTATION_COMMENTS = YES;
				CLANG_WARN_EMPTY_BODY = YES;
				CLANG_WARN_ENUM_CONVERSION = YES;
				CLANG_WARN_INFINITE_RECURSION = YES;
				CLANG_WARN_INT_CONVERSION = YES;
				CLANG_WARN_NON_LITERAL_NULL_CONVERSION = YES;
				CLANG_WARN_OBJC_IMPLICIT_RETAIN_SELF = YES;
				CLANG_WARN_OBJC_LITERAL_CONVERSION = YES;
				CLANG_WARN_OBJC_ROOT_CLASS = YES_ERROR;
				CLANG_WARN_QUOTED_INCLUDE_IN_FRAMEWORK_HEADER = YES;
				CLANG_WARN_RANGE_LOOP_ANALYSIS = YES;
				CLANG_WARN_STRICT_PROTOTYPES = YES;
				CLANG_WARN_SUSPICIOUS_MOVE = YES;
				CLANG_WARN_UNGUARDED_AVAILABILITY = YES_AGGRESSIVE;
				CLANG_WARN_UNREACHABLE_CODE = YES;
				CLANG_WARN__DUPLICATE_METHOD_MATCH = YES;
				COPY_PHASE_STRIP = NO;
				DEBUG_INFORMATION_FORMAT = "dwarf-with-dsym";
				ENABLE_NS_ASSERTIONS = NO;
				ENABLE_STRICT_OBJC_MSGSEND = YES;
				ENABLE_USER_SCRIPT_SANDBOXING = YES;
				GCC_C_LANGUAGE_STANDARD = gnu17;
				GCC_NO_COMMON_BLOCKS = YES;
				GCC_WARN_64_TO_32_BIT_CONVERSION = YES;
				GCC_WARN_ABOUT_RETURN_TYPE = YES_ERROR;
				GCC_WARN_UNDECLARED_SELECTOR = YES;
				GCC_WARN_UNINITIALIZED_AUTOS = YES_AGGRESSIVE;
				GCC_WARN_UNUSED_FUNCTION = YES;
				GCC_WARN_UNUSED_VARIABLE = YES;
				IPHONEOS_DEPLOYMENT_TARGET = 17.5;
				LOCALIZATION_PREFERS_STRING_CATALOGS = YES;
				MTL_ENABLE_DEBUG_INFO = NO;
				MTL_FAST_MATH = YES;
				SDKROOT = iphoneos;
				SWIFT_COMPILATION_MODE = wholemodule;
				VALIDATE_PRODUCT = YES;
			};
			name = Release;
		};
		07D9E9102C7D14FC00B0D8F2 /* Debug */ = {
			isa = XCBuildConfiguration;
			buildSettings = {
				ASSETCATALOG_COMPILER_APPICON_NAME = AppIcon;
				ASSETCATALOG_COMPILER_GLOBAL_ACCENT_COLOR_NAME = AccentColor;
				CODE_SIGN_STYLE = Automatic;
				CURRENT_PROJECT_VERSION = 1;
				DEVELOPMENT_ASSET_PATHS = "\"Pomodoro Timer/Preview Content\"";
				DEVELOPMENT_TEAM = Q7N42PRYT9;
				ENABLE_PREVIEWS = YES;
				GENERATE_INFOPLIST_FILE = YES;
				INFOPLIST_KEY_CFBundleDisplayName = Pomodoro;
				INFOPLIST_KEY_UIApplicationSceneManifest_Generation = YES;
				INFOPLIST_KEY_UIApplicationSupportsIndirectInputEvents = YES;
				INFOPLIST_KEY_UILaunchScreen_Generation = YES;
				INFOPLIST_KEY_UISupportedInterfaceOrientations_iPad = "UIInterfaceOrientationPortrait UIInterfaceOrientationPortraitUpsideDown UIInterfaceOrientationLandscapeLeft UIInterfaceOrientationLandscapeRight";
				INFOPLIST_KEY_UISupportedInterfaceOrientations_iPhone = "UIInterfaceOrientationPortrait UIInterfaceOrientationLandscapeLeft UIInterfaceOrientationLandscapeRight";
				LD_RUNPATH_SEARCH_PATHS = (
					"$(inherited)",
					"@executable_path/Frameworks",
				);
				MARKETING_VERSION = 1.0;
				PRODUCT_BUNDLE_IDENTIFIER = "iOS.Pomodoro-Timer";
				PRODUCT_NAME = "$(TARGET_NAME)";
				SWIFT_EMIT_LOC_STRINGS = YES;
				SWIFT_VERSION = 5.0;
				TARGETED_DEVICE_FAMILY = "1,2";
			};
			name = Debug;
		};
		07D9E9112C7D14FC00B0D8F2 /* Release */ = {
			isa = XCBuildConfiguration;
			buildSettings = {
				ASSETCATALOG_COMPILER_APPICON_NAME = AppIcon;
				ASSETCATALOG_COMPILER_GLOBAL_ACCENT_COLOR_NAME = AccentColor;
				CODE_SIGN_STYLE = Automatic;
				CURRENT_PROJECT_VERSION = 1;
				DEVELOPMENT_ASSET_PATHS = "\"Pomodoro Timer/Preview Content\"";
				DEVELOPMENT_TEAM = Q7N42PRYT9;
				ENABLE_PREVIEWS = YES;
				GENERATE_INFOPLIST_FILE = YES;
				INFOPLIST_KEY_CFBundleDisplayName = Pomodoro;
				INFOPLIST_KEY_UIApplicationSceneManifest_Generation = YES;
				INFOPLIST_KEY_UIApplicationSupportsIndirectInputEvents = YES;
				INFOPLIST_KEY_UILaunchScreen_Generation = YES;
				INFOPLIST_KEY_UISupportedInterfaceOrientations_iPad = "UIInterfaceOrientationPortrait UIInterfaceOrientationPortraitUpsideDown UIInterfaceOrientationLandscapeLeft UIInterfaceOrientationLandscapeRight";
				INFOPLIST_KEY_UISupportedInterfaceOrientations_iPhone = "UIInterfaceOrientationPortrait UIInterfaceOrientationLandscapeLeft UIInterfaceOrientationLandscapeRight";
				LD_RUNPATH_SEARCH_PATHS = (
					"$(inherited)",
					"@executable_path/Frameworks",
				);
				MARKETING_VERSION = 1.0;
				PRODUCT_BUNDLE_IDENTIFIER = "iOS.Pomodoro-Timer";
				PRODUCT_NAME = "$(TARGET_NAME)";
				SWIFT_EMIT_LOC_STRINGS = YES;
				SWIFT_VERSION = 5.0;
				TARGETED_DEVICE_FAMILY = "1,2";
			};
			name = Release;
		};
/* End XCBuildConfiguration section */

/* Begin XCConfigurationList section */
		07D9E8FC2C7D14FB00B0D8F2 /* Build configuration list for PBXProject "Pomodoro Timer" */ = {
			isa = XCConfigurationList;
			buildConfigurations = (
				07D9E90D2C7D14FC00B0D8F2 /* Debug */,
				07D9E90E2C7D14FC00B0D8F2 /* Release */,
			);
			defaultConfigurationIsVisible = 0;
			defaultConfigurationName = Release;
		};
		07D9E90F2C7D14FC00B0D8F2 /* Build configuration list for PBXNativeTarget "Pomodoro Timer" */ = {
			isa = XCConfigurationList;
			buildConfigurations = (
				07D9E9102C7D14FC00B0D8F2 /* Debug */,
				07D9E9112C7D14FC00B0D8F2 /* Release */,
			);
			defaultConfigurationIsVisible = 0;
			defaultConfigurationName = Release;
		};
/* End XCConfigurationList section */
	};
	rootObject = 07D9E8F92C7D14FB00B0D8F2 /* Project object */;
}
